version = 1
revision = 3
requires-python = ">=3.12"
resolution-markers = [
    "sys_platform == 'linux'",
    "sys_platform == 'win32'",
    "sys_platform != 'linux' and sys_platform != 'win32'",
]

[[package]]
name = "click"
version = "8.5.0"
source = { registry = "https://mirrors.tuna.tsinghua.edu.cn/pypi/web/simple" }
sdist = { url = "https://mirrors.tuna.tsinghua.edu.cn/pypi/web/packages/c7/0e/7fa0ef50764b67090eca4114772a2abf8b6148198475e54c660b97caeee6/click-8.5.0.tar.gz", hash = "sha256:ba0d2089de75ea0310e2dde03160e6ca10009947fb95a182f9b54021bb272e34", size = 382235, upload-time = "2026-08-26T13:33:14.56Z" }
wheels = [
    { url = "https://mirrors.tuna.tsinghua.edu.cn/pypi/web/packages/58/50/6c0d534c5f134586a8e1ba4e330569e32f057e33372ae556463212fb4cd3/click-8.5.0-py3-none-any.whl", hash = "sha256:255bc9599cf7748b4b1a446ccc735421bd08a2ae529a8b88597d3de5664ee360", size = 125251, upload-time = "2026-08-26T13:33:12.928Z" },
]

[[package]]
name = "csl-sanitizer"
version = "0.1.0"
source = { editable = "." }

[package.optional-dependencies]
cli = [
    { name = "click" },
]

[package.dev-dependencies]
dev = [
    { name = "hayagriva-py", version = "0.1.0", source = { url = "https://github.com/YDX-2147483647/hayagriva-gb-tracking/releases/download/hayagriva-py-v0.10.1/hayagriva_py-0.1.0-cp310-abi3-manylinux_2_17_x86_64.manylinux2014_x86_64.whl" }, marker = "sys_platform == 'linux'" },
    { name = "hayagriva-py", version = "0.1.0", source = { url = "https://github.com/YDX-2147483647/hayagriva-gb-tracking/releases/download/hayagriva-py-v0.10.1/hayagriva_py-0.1.0-cp310-abi3-win_amd64.whl" }, marker = "sys_platform == 'win32'" },
    { name = "hayagriva-py", version = "0.1.0", source = { url = "https://github.com/YDX-2147483647/hayagriva-gb-tracking/releases/download/hayagriva-py-v0.10.1/hayagriva_py-0.1.0.tar.gz" }, marker = "sys_platform != 'linux' and sys_platform != 'win32'" },
]

[package.metadata]
requires-dist = [{ name = "click", marker = "extra == 'cli'", specifier = ">=8.5.0" }]
provides-extras = ["cli"]

[package.metadata.requires-dev]
dev = [
    { name = "hayagriva-py", marker = "sys_platform != 'linux' and sys_platform != 'win32'", url = "https://github.com/YDX-2147483647/hayagriva-gb-tracking/releases/download/hayagriva-py-v0.10.1/hayagriva_py-0.1.0.tar.gz" },
    { name = "hayagriva-py", marker = "sys_platform == 'linux'", url = "https://github.com/YDX-2147483647/hayagriva-gb-tracking/releases/download/hayagriva-py-v0.10.1/hayagriva_py-0.1.0-cp310-abi3-manylinux_2_17_x86_64.manylinux2014_x86_64.whl" },
    { name = "hayagriva-py", marker = "sys_platform == 'win32'", url = "https://github.com/YDX-2147483647/hayagriva-gb-tracking/releases/download/hayagriva-py-v0.10.1/hayagriva_py-0.1.0-cp310-abi3-win_amd64.whl" },
]

[[package]]
name = "hayagriva-py"
version = "0.1.0"
source = { url = "https://github.com/YDX-2147483647/hayagriva-gb-tracking/releases/download/hayagriva-py-v0.10.1/hayagriva_py-0.1.0-cp310-abi3-manylinux_2_17_x86_64.manylinux2014_x86_64.whl" }
resolution-markers = [
    "sys_platform == 'linux'",
]
wheels = [
    { url = "https://github.com/YDX-2147483647/hayagriva-gb-tracking/releases/download/hayagriva-py-v0.10.1/hayagriva_py-0.1.0-cp310-abi3-manylinux_2_17_x86_64.manylinux2014_x86_64.whl", hash = "sha256:dd3cf48fa37e8b02ad1b10e7785331d3f0606a9c89d34c0a17961b20f9b1efda" },
]

[[package]]
name = "hayagriva-py"
version = "0.1.0"
source = { url = "https://github.com/YDX-2147483647/hayagriva-gb-tracking/releases/download/hayagriva-py-v0.10.1/hayagriva_py-0.1.0-cp310-abi3-win_amd64.whl" }
resolution-markers = [
    "sys_platform == 'win32'",
]
wheels = [
    { url = "https://github.com/YDX-2147483647/hayagriva-gb-tracking/releases/download/hayagriva-py-v0.10.1/hayagriva_py-0.1.0-cp310-abi3-win_amd64.whl", hash = "sha256:c1dd983c3476c0e5e413b7f8c1f3275b5bd475eaf4389fb7195577eb5cb6a99f" },
]

[[package]]
name = "hayagriva-py"
version = "0.1.0"
source = { url = "https://github.com/YDX-2147483647/hayagriva-gb-tracking/releases/download/hayagriva-py-v0.10.1/hayagriva_py-0.1.0.tar.gz" }
resolution-markers = [
    "sys_platform != 'linux' and sys_platform != 'win32'",
]
sdist = { hash = "sha256:9b0d3ce75abaf49e4cd210ea6a396c035422ebd1673736f31efb1451bd5e6db1" }
